// !$*UTF8*$!
{
	archiveVersion = 1;
	classes = {
	};
	objectVersion = 46;
	objects = {

/* Begin PBXBuildFile section */
		B8842D7C1F84C02800F23718 /* main.m in Sources */ = {isa = PBXBuildFile; fileRef = B8842D7B1F84C02800F23718 /* main.m */; };
		B8842D7F1F84C02800F23718 /* AppDelegate.m in Sources */ = {isa = PBXBuildFile; fileRef = B8842D7E1F84C02800F23718 /* AppDelegate.m */; };
		B8842D821F84C02800F23718 /* ViewController.m in Sources */ = {isa = PBXBuildFile; fileRef = B8842D811F84C02800F23718 /* ViewController.m */; };
		B8842D851F84C02800F23718 /* Main.storyboard in Resources */ = {isa = PBXBuildFile; fileRef = B8842D831F84C02800F23718 /* Main.storyboard */; };
		B8842D881F84C02800F23718 /* FlightAppCalender.xcdatamodeld in Sources */ = {isa = PBXBuildFile; fileRef = B8842D861F84C02800F23718 /* FlightAppCalender.xcdatamodeld */; };
		B8842D8A1F84C02800F23718 /* Assets.xcassets in Resources */ = {isa = PBXBuildFile; fileRef = B8842D891F84C02800F23718 /* Assets.xcassets */; };
		B8842D8D1F84C02800F23718 /* LaunchScreen.storyboard in Resources */ = {isa = PBXBuildFile; fileRef = B8842D8B1F84C02800F23718 /* LaunchScreen.storyboard */; };
		B8842D981F84C02800F23718 /* FlightAppCalenderTests.m in Sources */ = {isa = PBXBuildFile; fileRef = B8842D971F84C02800F23718 /* FlightAppCalenderTests.m */; };
		B8842DA31F84C02800F23718 /* FlightAppCalenderUITests.m in Sources */ = {isa = PBXBuildFile; fileRef = B8842DA21F84C02800F23718 /* FlightAppCalenderUITests.m */; };
		B8842DB91F84C08400F23718 /* CalendarViewController.m in Sources */ = {isa = PBXBuildFile; fileRef = B8842DB21F84C08400F23718 /* CalendarViewController.m */; };
		B8842DBA1F84C08400F23718 /* CalHeader.m in Sources */ = {isa = PBXBuildFile; fileRef = B8842DB41F84C08400F23718 /* CalHeader.m */; };
		B8842DBB1F84C08400F23718 /* CalLayout.m in Sources */ = {isa = PBXBuildFile; fileRef = B8842DB61F84C08400F23718 /* CalLayout.m */; };
		B8842DBC1F84C08400F23718 /* DateCell.m in Sources */ = {isa = PBXBuildFile; fileRef = B8842DB81F84C08400F23718 /* DateCell.m */; };
		B8842DC21F84C10700F23718 /* UIButton+Configure.m in Sources */ = {isa = PBXBuildFile; fileRef = B8842DBF1F84C10700F23718 /* UIButton+Configure.m */; };
		B8842DC31F84C10700F23718 /* UIView+SpringView.m in Sources */ = {isa = PBXBuildFile; fileRef = B8842DC11F84C10700F23718 /* UIView+SpringView.m */; };
/* End PBXBuildFile section */

/* Begin PBXContainerItemProxy section */
		B8842D941F84C02800F23718 /* PBXContainerItemProxy */ = {
			isa = PBXContainerItemProxy;
			containerPortal = B8842D6F1F84C02800F23718 /* Project object */;
			proxyType = 1;
			remoteGlobalIDString = B8842D761F84C02800F23718;
			remoteInfo = FlightAppCalender;
		};
		B8842D9F1F84C02800F23718 /* PBXContainerItemProxy */ = {
			isa = PBXContainerItemProxy;
			containerPortal = B8842D6F1F84C02800F23718 /* Project object */;
			proxyType = 1;
			remoteGlobalIDString = B8842D761F84C02800F23718;
			remoteInfo = FlightAppCalender;
		};
/* End PBXContainerItemProxy section */

/* Begin PBXFileReference section */
		B8842D771F84C02800F23718 /* FlightAppCalender.app */ = {isa = PBXFileReference; explicitFileType = wrapper.application; includeInIndex = 0; path = FlightAppCalender.app; sourceTree = BUILT_PRODUCTS_DIR; };
		B8842D7B1F84C02800F23718 /* main.m */ = {isa = PBXFileReference; lastKnownFileType = sourcecode.c.objc; path = main.m; sourceTree = "<group>"; };
		B8842D7D1F84C02800F23718 /* AppDelegate.h */ = {isa = PBXFileReference; lastKnownFileType = sourcecode.c.h; path = AppDelegate.h; sourceTree = "<group>"; };
		B8842D7E1F84C02800F23718 /* AppDelegate.m */ = {isa = PBXFileReference; lastKnownFileType = sourcecode.c.objc; path = AppDelegate.m; sourceTree = "<group>"; };
		B8842D801F84C02800F23718 /* ViewController.h */ = {isa = PBXFileReference; lastKnownFileType = sourcecode.c.h; path = ViewController.h; sourceTree = "<group>"; };
		B8842D811F84C02800F23718 /* ViewController.m */ = {isa = PBXFileReference; lastKnownFileType = sourcecode.c.objc; path = ViewController.m; sourceTree = "<group>"; };
		B8842D841F84C02800F23718 /* Base */ = {isa = PBXFileReference; lastKnownFileType = file.storyboard; name = Base; path = Base.lproj/Main.storyboard; sourceTree = "<group>"; };
		B8842D871F84C02800F23718 /* FlightAppCalender.xcdatamodel */ = {isa = PBXFileReference; lastKnownFileType = wrapper.xcdatamodel; path = FlightAppCalender.xcdatamodel; sourceTree = "<group>"; };
		B8842D891F84C02800F23718 /* Assets.xcassets */ = {isa = PBXFileReference; lastKnownFileType = folder.assetcatalog; path = Assets.xcassets; sourceTree = "<group>"; };
		B8842D8C1F84C02800F23718 /* Base */ = {isa = PBXFileReference; lastKnownFileType = file.storyboard; name = Base; path = Base.lproj/LaunchScreen.storyboard; sourceTree = "<group>"; };
		B8842D8E1F84C02800F23718 /* Info.plist */ = {isa = PBXFileReference; lastKnownFileType = text.plist.xml; path = Info.plist; sourceTree = "<group>"; };
		B8842D931F84C02800F23718 /* FlightAppCalenderTests.xctest */ = {isa = PBXFileReference; explicitFileType = wrapper.cfbundle; includeInIndex = 0; path = FlightAppCalenderTests.xctest; sourceTree = BUILT_PRODUCTS_DIR; };
		B8842D971F84C02800F23718 /* FlightAppCalenderTests.m */ = {isa = PBXFileReference; lastKnownFileType = sourcecode.c.objc; path = FlightAppCalenderTests.m; sourceTree = "<group>"; };
		B8842D991F84C02800F23718 /* Info.plist */ = {isa = PBXFileReference; lastKnownFileType = text.plist.xml; path = Info.plist; sourceTree = "<group>"; };
		B8842D9E1F84C02800F23718 /* FlightAppCalenderUITests.xctest */ = {isa = PBXFileReference; explicitFileType = wrapper.cfbundle; includeInIndex = 0; path = FlightAppCalenderUITests.xctest; sourceTree = BUILT_PRODUCTS_DIR; };
		B8842DA21F84C02800F23718 /* FlightAppCalenderUITests.m */ = {isa = PBXFileReference; lastKnownFileType = sourcecode.c.objc; path = FlightAppCalenderUITests.m; sourceTree = "<group>"; };
		B8842DA41F84C02800F23718 /* Info.plist */ = {isa = PBXFileReference; lastKnownFileType = text.plist.xml; path = Info.plist; sourceTree = "<group>"; };
		B8842DB11F84C08400F23718 /* CalendarViewController.h */ = {isa = PBXFileReference; fileEncoding = 4; lastKnownFileType = sourcecode.c.h; path = CalendarViewController.h; sourceTree = "<group>"; };
		B8842DB21F84C08400F23718 /* CalendarViewController.m */ = {isa = PBXFileReference; fileEncoding = 4; lastKnownFileType = sourcecode.c.objc; path = CalendarViewController.m; sourceTree = "<group>"; };
		B8842DB31F84C08400F23718 /* CalHeader.h */ = {isa = PBXFileReference; fileEncoding = 4; lastKnownFileType = sourcecode.c.h; path = CalHeader.h; sourceTree = "<group>"; };
		B8842DB41F84C08400F23718 /* CalHeader.m */ = {isa = PBXFileReference; fileEncoding = 4; lastKnownFileType = sourcecode.c.objc; path = CalHeader.m; sourceTree = "<group>"; };
		B8842DB51F84C08400F23718 /* CalLayout.h */ = {isa = PBXFileReference; fileEncoding = 4; lastKnownFileType = sourcecode.c.h; path = CalLayout.h; sourceTree = "<group>"; };
		B8842DB61F84C08400F23718 /* CalLayout.m */ = {isa = PBXFileReference; fileEncoding = 4; lastKnownFileType = sourcecode.c.objc; path = CalLayout.m; sourceTree = "<group>"; };
		B8842DB71F84C08400F23718 /* DateCell.h */ = {isa = PBXFileReference; fileEncoding = 4; lastKnownFileType = sourcecode.c.h; path = DateCell.h; sourceTree = "<group>"; };
		B8842DB81F84C08400F23718 /* DateCell.m */ = {isa = PBXFileReference; fileEncoding = 4; lastKnownFileType = sourcecode.c.objc; path = DateCell.m; sourceTree = "<group>"; };
		B8842DBE1F84C10700F23718 /* UIButton+Configure.h */ = {isa = PBXFileReference; fileEncoding = 4; lastKnownFileType = sourcecode.c.h; path = "UIButton+Configure.h"; sourceTree = "<group>"; };
		B8842DBF1F84C10700F23718 /* UIButton+Configure.m */ = {isa = PBXFileReference; fileEncoding = 4; lastKnownFileType = sourcecode.c.objc; path = "UIButton+Configure.m"; sourceTree = "<group>"; };
		B8842DC01F84C10700F23718 /* UIView+SpringView.h */ = {isa = PBXFileReference; fileEncoding = 4; lastKnownFileType = sourcecode.c.h; path = "UIView+SpringView.h"; sourceTree = "<group>"; };
		B8842DC11F84C10700F23718 /* UIView+SpringView.m */ = {isa = PBXFileReference; fileEncoding = 4; lastKnownFileType = sourcecode.c.objc; path = "UIView+SpringView.m"; sourceTree = "<group>"; };
		B8842DC41F84C6B200F23718 /* CalendarDelegate.h */ = {isa = PBXFileReference; fileEncoding = 4; lastKnownFileType = sourcecode.c.h; path = CalendarDelegate.h; sourceTree = "<group>"; };
/* End PBXFileReference section */

/* Begin PBXFrameworksBuildPhase section */
		B8842D741F84C02800F23718 /* Frameworks */ = {
			isa = PBXFrameworksBuildPhase;
			buildActionMask = 2147483647;
			files = (
			);
			runOnlyForDeploymentPostprocessing = 0;
		};
		B8842D901F84C02800F23718 /* Frameworks */ = {
			isa = PBXFrameworksBuildPhase;
			buildActionMask = 2147483647;
			files = (
			);
			runOnlyForDeploymentPostprocessing = 0;
		};
		B8842D9B1F84C02800F23718 /* Frameworks */ = {
			isa = PBXFrameworksBuildPhase;
			buildActionMask = 2147483647;
			files = (
			);
			runOnlyForDeploymentPostprocessing = 0;
		};
/* End PBXFrameworksBuildPhase section */

/* Begin PBXGroup section */
		B8842D6E1F84C02800F23718 = {
			isa = PBXGroup;
			children = (
				B8842D791F84C02800F23718 /* FlightAppCalender */,
				B8842D961F84C02800F23718 /* FlightAppCalenderTests */,
				B8842DA11F84C02800F23718 /* FlightAppCalenderUITests */,
				B8842D781F84C02800F23718 /* Products */,
			);
			sourceTree = "<group>";
		};
		B8842D781F84C02800F23718 /* Products */ = {
			isa = PBXGroup;
			children = (
				B8842D771F84C02800F23718 /* FlightAppCalender.app */,
				B8842D931F84C02800F23718 /* FlightAppCalenderTests.xctest */,
				B8842D9E1F84C02800F23718 /* FlightAppCalenderUITests.xctest */,
			);
			name = Products;
			sourceTree = "<group>";
		};
		B8842D791F84C02800F23718 /* FlightAppCalender */ = {
			isa = PBXGroup;
			children = (
				B8842DBD1F84C0FA00F23718 /* Extensions */,
				B8842DB01F84C07800F23718 /* Calendar */,
				B8842D7D1F84C02800F23718 /* AppDelegate.h */,
				B8842D7E1F84C02800F23718 /* AppDelegate.m */,
				B8842D801F84C02800F23718 /* ViewController.h */,
				B8842D811F84C02800F23718 /* ViewController.m */,
				B8842D831F84C02800F23718 /* Main.storyboard */,
				B8842D891F84C02800F23718 /* Assets.xcassets */,
				B8842D8B1F84C02800F23718 /* LaunchScreen.storyboard */,
				B8842D8E1F84C02800F23718 /* Info.plist */,
				B8842D861F84C02800F23718 /* FlightAppCalender.xcdatamodeld */,
				B8842D7A1F84C02800F23718 /* Supporting Files */,
			);
			path = FlightAppCalender;
			sourceTree = "<group>";
		};
		B8842D7A1F84C02800F23718 /* Supporting Files */ = {
			isa = PBXGroup;
			children = (
				B8842D7B1F84C02800F23718 /* main.m */,
			);
			name = "Supporting Files";
			sourceTree = "<group>";
		};
		B8842D961F84C02800F23718 /* FlightAppCalenderTests */ = {
			isa = PBXGroup;
			children = (
				B8842D971F84C02800F23718 /* FlightAppCalenderTests.m */,
				B8842D991F84C02800F23718 /* Info.plist */,
			);
			path = FlightAppCalenderTests;
			sourceTree = "<group>";
		};
		B8842DA11F84C02800F23718 /* FlightAppCalenderUITests */ = {
			isa = PBXGroup;
			children = (
				B8842DA21F84C02800F23718 /* FlightAppCalenderUITests.m */,
				B8842DA41F84C02800F23718 /* Info.plist */,
			);
			path = FlightAppCalenderUITests;
			sourceTree = "<group>";
		};
		B8842DB01F84C07800F23718 /* Calendar */ = {
			isa = PBXGroup;
			children = (
				B8842DB11F84C08400F23718 /* CalendarViewController.h */,
				B8842DB21F84C08400F23718 /* CalendarViewController.m */,
				B8842DB31F84C08400F23718 /* CalHeader.h */,
				B8842DB41F84C08400F23718 /* CalHeader.m */,
				B8842DB51F84C08400F23718 /* CalLayout.h */,
				B8842DB61F84C08400F23718 /* CalLayout.m */,
				B8842DB71F84C08400F23718 /* DateCell.h */,
				B8842DB81F84C08400F23718 /* DateCell.m */,
				B8842DC41F84C6B200F23718 /* CalendarDelegate.h */,
			);
			name = Calendar;
			sourceTree = "<group>";
		};
		B8842DBD1F84C0FA00F23718 /* Extensions */ = {
			isa = PBXGroup;
			children = (
				B8842DBE1F84C10700F23718 /* UIButton+Configure.h */,
				B8842DBF1F84C10700F23718 /* UIButton+Configure.m */,
				B8842DC01F84C10700F23718 /* UIView+SpringView.h */,
				B8842DC11F84C10700F23718 /* UIView+SpringView.m */,
			);
			name = Extensions;
			sourceTree = "<group>";
		};
/* End PBXGroup section */

/* Begin PBXNativeTarget section */
		B8842D761F84C02800F23718 /* FlightAppCalender */ = {
			isa = PBXNativeTarget;
			buildConfigurationList = B8842DA71F84C02800F23718 /* Build configuration list for PBXNativeTarget "FlightAppCalender" */;
			buildPhases = (
				B8842D731F84C02800F23718 /* Sources */,
				B8842D741F84C02800F23718 /* Frameworks */,
				B8842D751F84C02800F23718 /* Resources */,
			);
			buildRules = (
			);
			dependencies = (
			);
			name = FlightAppCalender;
			productName = FlightAppCalender;
			productReference = B8842D771F84C02800F23718 /* FlightAppCalender.app */;
			productType = "com.apple.product-type.application";
		};
		B8842D921F84C02800F23718 /* FlightAppCalenderTests */ = {
			isa = PBXNativeTarget;
			buildConfigurationList = B8842DAA1F84C02800F23718 /* Build configuration list for PBXNativeTarget "FlightAppCalenderTests" */;
			buildPhases = (
				B8842D8F1F84C02800F23718 /* Sources */,
				B8842D901F84C02800F23718 /* Frameworks */,
				B8842D911F84C02800F23718 /* Resources */,
			);
			buildRules = (
			);
			dependencies = (
				B8842D951F84C02800F23718 /* PBXTargetDependency */,
			);
			name = FlightAppCalenderTests;
			productName = FlightAppCalenderTests;
			productReference = B8842D931F84C02800F23718 /* FlightAppCalenderTests.xctest */;
			productType = "com.apple.product-type.bundle.unit-test";
		};
		B8842D9D1F84C02800F23718 /* FlightAppCalenderUITests */ = {
			isa = PBXNativeTarget;
			buildConfigurationList = B8842DAD1F84C02800F23718 /* Build configuration list for PBXNativeTarget "FlightAppCalenderUITests" */;
			buildPhases = (
				B8842D9A1F84C02800F23718 /* Sources */,
				B8842D9B1F84C02800F23718 /* Frameworks */,
				B8842D9C1F84C02800F23718 /* Resources */,
			);
			buildRules = (
			);
			dependencies = (
				B8842DA01F84C02800F23718 /* PBXTargetDependency */,
			);
			name = FlightAppCalenderUITests;
			productName = FlightAppCalenderUITests;
			productReference = B8842D9E1F84C02800F23718 /* FlightAppCalenderUITests.xctest */;
			productType = "com.apple.product-type.bundle.ui-testing";
		};
/* End PBXNativeTarget section */

/* Begin PBXProject section */
		B8842D6F1F84C02800F23718 /* Project object */ = {
			isa = PBXProject;
			attributes = {
				LastUpgradeCheck = 0830;
				ORGANIZATIONNAME = "Jayanta Gogoi";
				TargetAttributes = {
					B8842D761F84C02800F23718 = {
						CreatedOnToolsVersion = 8.3.2;
						ProvisioningStyle = Automatic;
					};
					B8842D921F84C02800F23718 = {
						CreatedOnToolsVersion = 8.3.2;
						ProvisioningStyle = Automatic;
						TestTargetID = B8842D761F84C02800F23718;
					};
					B8842D9D1F84C02800F23718 = {
						CreatedOnToolsVersion = 8.3.2;
						ProvisioningStyle = Automatic;
						TestTargetID = B8842D761F84C02800F23718;
					};
				};
			};
			buildConfigurationList = B8842D721F84C02800F23718 /* Build configuration list for PBXProject "FlightAppCalender" */;
			compatibilityVersion = "Xcode 3.2";
			developmentRegion = English;
			hasScannedForEncodings = 0;
			knownRegions = (
				en,
				Base,
			);
			mainGroup = B8842D6E1F84C02800F23718;
			productRefGroup = B8842D781F84C02800F23718 /* Products */;
			projectDirPath = "";
			projectRoot = "";
			targets = (
				B8842D761F84C02800F23718 /* FlightAppCalender */,
				B8842D921F84C02800F23718 /* FlightAppCalenderTests */,
				B8842D9D1F84C02800F23718 /* FlightAppCalenderUITests */,
			);
		};
/* End PBXProject section */

/* Begin PBXResourcesBuildPhase section */
		B8842D751F84C02800F23718 /* Resources */ = {
			isa = PBXResourcesBuildPhase;
			buildActionMask = 2147483647;
			files = (
				B8842D8D1F84C02800F23718 /* LaunchScreen.storyboard in Resources */,
				B8842D8A1F84C02800F23718 /* Assets.xcassets in Resources */,
				B8842D851F84C02800F23718 /* Main.storyboard in Resources */,
			);
			runOnlyForDeploymentPostprocessing = 0;
		};
		B8842D911F84C02800F23718 /* Resources */ = {
			isa = PBXResourcesBuildPhase;
			buildActionMask = 2147483647;
			files = (
			);
			runOnlyForDeploymentPostprocessing = 0;
		};
		B8842D9C1F84C02800F23718 /* Resources */ = {
			isa = PBXResourcesBuildPhase;
			buildActionMask = 2147483647;
			files = (
			);
			runOnlyForDeploymentPostprocessing = 0;
		};
/* End PBXResourcesBuildPhase section */

/* Begin PBXSourcesBuildPhase section */
		B8842D731F84C02800F23718 /* Sources */ = {
			isa = PBXSourcesBuildPhase;
			buildActionMask = 2147483647;
			files = (
				B8842DC31F84C10700F23718 /* UIView+SpringView.m in Sources */,
				B8842D821F84C02800F23718 /* ViewController.m in Sources */,
				B8842DBB1F84C08400F23718 /* CalLayout.m in Sources */,
				B8842D7F1F84C02800F23718 /* AppDelegate.m in Sources */,
				B8842DC21F84C10700F23718 /* UIButton+Configure.m in Sources */,
				B8842DBC1F84C08400F23718 /* DateCell.m in Sources */,
				B8842D7C1F84C02800F23718 /* main.m in Sources */,
				B8842DB91F84C08400F23718 /* CalendarViewController.m in Sources */,
				B8842D881F84C02800F23718 /* FlightAppCalender.xcdatamodeld in Sources */,
				B8842DBA1F84C08400F23718 /* CalHeader.m in Sources */,
			);
			runOnlyForDeploymentPostprocessing = 0;
		};
		B8842D8F1F84C02800F23718 /* Sources */ = {
			isa = PBXSourcesBuildPhase;
			buildActionMask = 2147483647;
			files = (
				B8842D981F84C02800F23718 /* FlightAppCalenderTests.m in Sources */,
			);
			runOnlyForDeploymentPostprocessing = 0;
		};
		B8842D9A1F84C02800F23718 /* Sources */ = {
			isa = PBXSourcesBuildPhase;
			buildActionMask = 2147483647;
			files = (
				B8842DA31F84C02800F23718 /* FlightAppCalenderUITests.m in Sources */,
			);
			runOnlyForDeploymentPostprocessing = 0;
		};
/* End PBXSourcesBuildPhase section */

/* Begin PBXTargetDependency section */
		B8842D951F84C02800F23718 /* PBXTargetDependency */ = {
			isa = PBXTargetDependency;
			target = B8842D761F84C02800F23718 /* FlightAppCalender */;
			targetProxy = B8842D941F84C02800F23718 /* PBXContainerItemProxy */;
		};
		B8842DA01F84C02800F23718 /* PBXTargetDependency */ = {
			isa = PBXTargetDependency;
			target = B8842D761F84C02800F23718 /* FlightAppCalender */;
			targetProxy = B8842D9F1F84C02800F23718 /* PBXContainerItemProxy */;
		};
/* End PBXTargetDependency section */

/* Begin PBXVariantGroup section */
		B8842D831F84C02800F23718 /* Main.storyboard */ = {
			isa = PBXVariantGroup;
			children = (
				B8842D841F84C02800F23718 /* Base */,
			);
			name = Main.storyboard;
			sourceTree = "<group>";
		};
		B8842D8B1F84C02800F23718 /* LaunchScreen.storyboard */ = {
			isa = PBXVariantGroup;
			children = (
				B8842D8C1F84C02800F23718 /* Base */,
			);
			name = LaunchScreen.storyboard;
			sourceTree = "<group>";
		};
/* End PBXVariantGroup section */

/* Begin XCBuildConfiguration section */
		B8842DA51F84C02800F23718 /* Debug */ = {
			isa = XCBuildConfiguration;
			buildSettings = {
				ALWAYS_SEARCH_USER_PATHS = NO;
				CLANG_ANALYZER_NONNULL = YES;
				CLANG_ANALYZER_NUMBER_OBJECT_CONVERSION = YES_AGGRESSIVE;
				CLANG_CXX_LANGUAGE_STANDARD = "gnu++0x";
				CLANG_CXX_LIBRARY = "libc++";
				CLANG_ENABLE_MODULES = YES;
				CLANG_ENABLE_OBJC_ARC = YES;
				CLANG_WARN_BOOL_CONVERSION = YES;
				CLANG_WARN_CONSTANT_CONVERSION = YES;
				CLANG_WARN_DIRECT_OBJC_ISA_USAGE = YES_ERROR;
				CLANG_WARN_DOCUMENTATION_COMMENTS = YES;
				CLANG_WARN_EMPTY_BODY = YES;
				CLANG_WARN_ENUM_CONVERSION = YES;
				CLANG_WARN_INFINITE_RECURSION = YES;
				CLANG_WARN_INT_CONVERSION = YES;
				CLANG_WARN_OBJC_ROOT_CLASS = YES_ERROR;
				CLANG_WARN_SUSPICIOUS_MOVE = YES;
				CLANG_WARN_UNREACHABLE_CODE = YES;
				CLANG_WARN__DUPLICATE_METHOD_MATCH = YES;
				"CODE_SIGN_IDENTITY[sdk=iphoneos*]" = "iPhone Developer";
				COPY_PHASE_STRIP = NO;
				DEBUG_INFORMATION_FORMAT = dwarf;
				ENABLE_STRICT_OBJC_MSGSEND = YES;
				ENABLE_TESTABILITY = YES;
				GCC_C_LANGUAGE_STANDARD = gnu99;
				GCC_DYNAMIC_NO_PIC = NO;
				GCC_NO_COMMON_BLOCKS = YES;
				GCC_OPTIMIZATION_LEVEL = 0;
				GCC_PREPROCESSOR_DEFINITIONS = (
					"DEBUG=1",
					"$(inherited)",
				);
				GCC_WARN_64_TO_32_BIT_CONVERSION = YES;
				GCC_WARN_ABOUT_RETURN_TYPE = YES_ERROR;
				GCC_WARN_UNDECLARED_SELECTOR = YES;
				GCC_WARN_UNINITIALIZED_AUTOS = YES_AGGRESSIVE;
				GCC_WARN_UNUSED_FUNCTION = YES;
				GCC_WARN_UNUSED_VARIABLE = YES;
				IPHONEOS_DEPLOYMENT_TARGET = 10.3;
				MTL_ENABLE_DEBUG_INFO = YES;
				ONLY_ACTIVE_ARCH = YES;
				SDKROOT = iphoneos;
				TARGETED_DEVICE_FAMILY = "1,2";
			};
			name = Debug;
		};
		B8842DA61F84C02800F23718 /* Release */ = {
			isa = XCBuildConfiguration;
			buildSettings = {
				ALWAYS_SEARCH_USER_PATHS = NO;
				CLANG_ANALYZER_NONNULL = YES;
				CLANG_ANALYZER_NUMBER_OBJECT_CONVERSION = YES_AGGRESSIVE;
				CLANG_CXX_LANGUAGE_STANDARD = "gnu++0x";
				CLANG_CXX_LIBRARY = "libc++";
				CLANG_ENABLE_MODULES = YES;
				CLANG_ENABLE_OBJC_ARC = YES;
				CLANG_WARN_BOOL_CONVERSION = YES;
				CLANG_WARN_CONSTANT_CONVERSION = YES;
				CLANG_WARN_DIRECT_OBJC_ISA_USAGE = YES_ERROR;
				CLANG_WARN_DOCUMENTATION_COMMENTS = YES;
				CLANG_WARN_EMPTY_BODY = YES;
				CLANG_WARN_ENUM_CONVERSION = YES;
				CLANG_WARN_INFINITE_RECURSION = YES;
				CLANG_WARN_INT_CONVERSION = YES;
				CLANG_WARN_OBJC_ROOT_CLASS = YES_ERROR;
				CLANG_WARN_SUSPICIOUS_MOVE = YES;
				CLANG_WARN_UNREACHABLE_CODE = YES;
				CLANG_WARN__DUPLICATE_METHOD_MATCH = YES;
				"CODE_SIGN_IDENTITY[sdk=iphoneos*]" = "iPhone Developer";
				COPY_PHASE_STRIP = NO;
				DEBUG_INFORMATION_FORMAT = "dwarf-with-dsym";
				ENABLE_NS_ASSERTIONS = NO;
				ENABLE_STRICT_OBJC_MSGSEND = YES;
				GCC_C_LANGUAGE_STANDARD = gnu99;
				GCC_NO_COMMON_BLOCKS = YES;
				GCC_WARN_64_TO_32_BIT_CONVERSION = YES;
				GCC_WARN_ABOUT_RETURN_TYPE = YES_ERROR;
				GCC_WARN_UNDECLARED_SELECTOR = YES;
				GCC_WARN_UNINITIALIZED_AUTOS = YES_AGGRESSIVE;
				GCC_WARN_UNUSED_FUNCTION = YES;
				GCC_WARN_UNUSED_VARIABLE = YES;
				IPHONEOS_DEPLOYMENT_TARGET = 10.3;
				MTL_ENABLE_DEBUG_INFO = NO;
				SDKROOT = iphoneos;
				TARGETED_DEVICE_FAMILY = "1,2";
				VALIDATE_PRODUCT = YES;
			};
			name = Release;
		};
		B8842DA81F84C02800F23718 /* Debug */ = {
			isa = XCBuildConfiguration;
			buildSettings = {
				ASSETCATALOG_COMPILER_APPICON_NAME = AppIcon;
				INFOPLIST_FILE = FlightAppCalender/Info.plist;
				IPHONEOS_DEPLOYMENT_TARGET = 10.0;
				LD_RUNPATH_SEARCH_PATHS = "$(inherited) @executable_path/Frameworks";
				PRODUCT_BUNDLE_IDENTIFIER = com.jayanta.FlightAppCalender;
				PRODUCT_NAME = "$(TARGET_NAME)";
			};
			name = Debug;
		};
		B8842DA91F84C02800F23718 /* Release */ = {
			isa = XCBuildConfiguration;
			buildSettings = {
				ASSETCATALOG_COMPILER_APPICON_NAME = AppIcon;
				INFOPLIST_FILE = FlightAppCalender/Info.plist;
				IPHONEOS_DEPLOYMENT_TARGET = 10.0;
				LD_RUNPATH_SEARCH_PATHS = "$(inherited) @executable_path/Frameworks";
				PRODUCT_BUNDLE_IDENTIFIER = com.jayanta.FlightAppCalender;
				PRODUCT_NAME = "$(TARGET_NAME)";
			};
			name = Release;
		};
		B8842DAB1F84C02800F23718 /* Debug */ = {
			isa = XCBuildConfiguration;
			buildSettings = {
				BUNDLE_LOADER = "$(TEST_HOST)";
				INFOPLIST_FILE = FlightAppCalenderTests/Info.plist;
				LD_RUNPATH_SEARCH_PATHS = "$(inherited) @executable_path/Frameworks @loader_path/Frameworks";
				PRODUCT_BUNDLE_IDENTIFIER = com.jayanta.FlightAppCalenderTests;
				PRODUCT_NAME = "$(TARGET_NAME)";
				TEST_HOST = "$(BUILT_PRODUCTS_DIR)/FlightAppCalender.app/FlightAppCalender";
			};
			name = Debug;
		};
		B8842DAC1F84C02800F23718 /* Release */ = {
			isa = XCBuildConfiguration;
			buildSettings = {
				BUNDLE_LOADER = "$(TEST_HOST)";
				INFOPLIST_FILE = FlightAppCalenderTests/Info.plist;
				LD_RUNPATH_SEARCH_PATHS = "$(inherited) @executable_path/Frameworks @loader_path/Frameworks";
				PRODUCT_BUNDLE_IDENTIFIER = com.jayanta.FlightAppCalenderTests;
				PRODUCT_NAME = "$(TARGET_NAME)";
				TEST_HOST = "$(BUILT_PRODUCTS_DIR)/FlightAppCalender.app/FlightAppCalender";
			};
			name = Release;
		};
		B8842DAE1F84C02800F23718 /* Debug */ = {
			isa = XCBuildConfiguration;
			buildSettings = {
				INFOPLIST_FILE = FlightAppCalenderUITests/Info.plist;
				LD_RUNPATH_SEARCH_PATHS = "$(inherited) @executable_path/Frameworks @loader_path/Frameworks";
				PRODUCT_BUNDLE_IDENTIFIER = com.jayanta.FlightAppCalenderUITests;
				PRODUCT_NAME = "$(TARGET_NAME)";
				TEST_TARGET_NAME = FlightAppCalender;
			};
			name = Debug;
		};
		B8842DAF1F84C02800F23718 /* Release */ = {
			isa = XCBuildConfiguration;
			buildSettings = {
				INFOPLIST_FILE = FlightAppCalenderUITests/Info.plist;
				LD_RUNPATH_SEARCH_PATHS = "$(inherited) @executable_path/Frameworks @loader_path/Frameworks";
				PRODUCT_BUNDLE_IDENTIFIER = com.jayanta.FlightAppCalenderUITests;
				PRODUCT_NAME = "$(TARGET_NAME)";
				TEST_TARGET_NAME = FlightAppCalender;
			};
			name = Release;
		};
/* End XCBuildConfiguration section */

/* Begin XCConfigurationList section */
		B8842D721F84C02800F23718 /* Build configuration list for PBXProject "FlightAppCalender" */ = {
			isa = XCConfigurationList;
			buildConfigurations = (
				B8842DA51F84C02800F23718 /* Debug */,
				B8842DA61F84C02800F23718 /* Release */,
			);
			defaultConfigurationIsVisible = 0;
			defaultConfigurationName = Release;
		};
		B8842DA71F84C02800F23718 /* Build configuration list for PBXNativeTarget "FlightAppCalender" */ = {
			isa = XCConfigurationList;
			buildConfigurations = (
				B8842DA81F84C02800F23718 /* Debug */,
				B8842DA91F84C02800F23718 /* Release */,
			);
			defaultConfigurationIsVisible = 0;
			defaultConfigurationName = Release;
		};
		B8842DAA1F84C02800F23718 /* Build configuration list for PBXNativeTarget "FlightAppCalenderTests" */ = {
			isa = XCConfigurationList;
			buildConfigurations = (
				B8842DAB1F84C02800F23718 /* Debug */,
				B8842DAC1F84C02800F23718 /* Release */,
			);
			defaultConfigurationIsVisible = 0;
			defaultConfigurationName = Release;
		};
		B8842DAD1F84C02800F23718 /* Build configuration list for PBXNativeTarget "FlightAppCalenderUITests" */ = {
			isa = XCConfigurationList;
			buildConfigurations = (
				B8842DAE1F84C02800F23718 /* Debug */,
				B8842DAF1F84C02800F23718 /* Release */,
			);
			defaultConfigurationIsVisible = 0;
			defaultConfigurationName = Release;
		};
/* End XCConfigurationList section */

/* Begin XCVersionGroup section */
		B8842D861F84C02800F23718 /* FlightAppCalender.xcdatamodeld */ = {
			isa = XCVersionGroup;
			children = (
				B8842D871F84C02800F23718 /* FlightAppCalender.xcdatamodel */,
			);
			currentVersion = B8842D871F84C02800F23718 /* FlightAppCalender.xcdatamodel */;
			path = FlightAppCalender.xcdatamodeld;
			sourceTree = "<group>";
			versionGroupType = wrapper.xcdatamodel;
		};
/* End XCVersionGroup section */
	};
	rootObject = B8842D6F1F84C02800F23718 /* Project object */;
}
